
Microsoft Visual Studio Solution File, Format Version 12.00
# Visual Studio 15
VisualStudioVersion = 15.0.28010.2026
MinimumVisualStudioVersion = 10.0.40219.1
Project("{2150E333-8FDC-42A3-9474-1A3956D46DE8}") = "Solution Items", "Solution Items", "{84437349-B75A-4EE6-B99D-EB4718D9286D}"
	ProjectSection(SolutionItems) = preProject
		.editorconfig = .editorconfig
		global.json = global.json
		README.md = README.md
	EndProjectSection
EndProject
Project("{2150E333-8FDC-42A3-9474-1A3956D46DE8}") = "src", "src", "{0CF6B24E-658F-43DE-BFE8-6020D9CC19A1}"
EndProject
Project("{2150E333-8FDC-42A3-9474-1A3956D46DE8}") = "test", "test", "{B584E2C0-7BBB-4325-AA7D-428A948E6033}"
EndProject
Project("{FAE04EC0-301F-11D3-BF4B-00C04F79EFBC}") = "Utilities", "src\Utilities\Utilities.csproj", "{DBBB09FB-72CD-4DC6-8C55-DB12767781B2}"
EndProject
Project("{FAE04EC0-301F-11D3-BF4B-00C04F79EFBC}") = "Utilities.UnitTests", "test\Utilities.UnitTests\Utilities.UnitTests.csproj", "{07C41AF3-1F60-4940-9336-875A130660F9}"
EndProject
Global
	GlobalSection(SolutionConfigurationPlatforms) = preSolution
		Debug|Any CPU = Debug|Any CPU
		Release|Any CPU = Release|Any CPU
	EndGlobalSection
	GlobalSection(ProjectConfigurationPlatforms) = postSolution
		{DBBB09FB-72CD-4DC6-8C55-DB12767781B2}.Debug|Any CPU.ActiveCfg = Debug|Any CPU
		{DBBB09FB-72CD-4DC6-8C55-DB12767781B2}.Debug|Any CPU.Build.0 = Debug|Any CPU
		{DBBB09FB-72CD-4DC6-8C55-DB12767781B2}.Release|Any CPU.ActiveCfg = Release|Any CPU
		{DBBB09FB-72CD-4DC6-8C55-DB12767781B2}.Release|Any CPU.Build.0 = Release|Any CPU
		{07C41AF3-1F60-4940-9336-875A130660F9}.Debug|Any CPU.ActiveCfg = Debug|Any CPU
		{07C41AF3-1F60-4940-9336-875A130660F9}.Debug|Any CPU.Build.0 = Debug|Any CPU
		{07C41AF3-1F60-4940-9336-875A130660F9}.Release|Any CPU.ActiveCfg = Release|Any CPU
		{07C41AF3-1F60-4940-9336-875A130660F9}.Release|Any CPU.Build.0 = Release|Any CPU
	EndGlobalSection
	GlobalSection(SolutionProperties) = preSolution
		HideSolutionNode = FALSE
	EndGlobalSection
	GlobalSection(NestedProjects) = preSolution
		{DBBB09FB-72CD-4DC6-8C55-DB12767781B2} = {0CF6B24E-658F-43DE-BFE8-6020D9CC19A1}
		{07C41AF3-1F60-4940-9336-875A130660F9} = {B584E2C0-7BBB-4325-AA7D-428A948E6033}
	EndGlobalSection
	GlobalSection(ExtensibilityGlobals) = postSolution
		SolutionGuid = {56B4888F-95AE-4DF1-A89A-96911D120E24}
	EndGlobalSection
EndGlobal
